
Microsoft Visual Studio Solution File, Format Version 12.00
# Visual Studio 2013
VisualStudioVersion = 12.0.0.0
MinimumVisualStudioVersion = 10.0.0.1
Project("{2150E333-8FDC-42A3-9474-1A3956D46DE8}") = ".paket", ".paket", "{CFAF368D-78F6-40AC-84E9-5753D3CE3209}"
	ProjectSection(SolutionItems) = preProject
		paket.dependencies = paket.dependencies
	EndProjectSection
EndProject
Project("{FAE04EC0-301F-11D3-BF4B-00C04F79EFBC}") = "Akka.NET_Windows_Service", "Akka.NET-Windows-Service.csproj", "{68E2C06E-363C-4830-AA2E-BEBFE7A66F74}"
EndProject
Global
	GlobalSection(SolutionConfigurationPlatforms) = preSolution
		Debug|Any CPU = Debug|Any CPU
		Release|Any CPU = Release|Any CPU
	EndGlobalSection
	GlobalSection(ProjectConfigurationPlatforms) = postSolution
		{68E2C06E-363C-4830-AA2E-BEBFE7A66F74}.Debug|Any CPU.ActiveCfg = Debug|Any CPU
		{68E2C06E-363C-4830-AA2E-BEBFE7A66F74}.Debug|Any CPU.Build.0 = Debug|Any CPU
		{68E2C06E-363C-4830-AA2E-BEBFE7A66F74}.Release|Any CPU.ActiveCfg = Release|Any CPU
		{68E2C06E-363C-4830-AA2E-BEBFE7A66F74}.Release|Any CPU.Build.0 = Release|Any CPU
	EndGlobalSection
	GlobalSection(SolutionProperties) = preSolution
		HideSolutionNode = FALSE
	EndGlobalSection
EndGlobal
